<?xml version="1.0" encoding="utf-8"?>
<!--
######################################################################
# PixInsight Makefile Generator Script v1.104
# Copyright (C) 2009-2017 Pleiades Astrophoto
######################################################################
# Generated on .... 2017-08-01T15:57:29.017Z
# Project id ...... LocalHistogramEqualization
# Project type .... Module
# Platform ........ Windows/vc14
# ++++++++++++++++++++++++++++++++++++++++++++++++++++++++++++++++++++
# Additional preprocessor definitions:
# _CRT_SECURE_NO_WARNINGS
######################################################################
-->
<Project DefaultTargets="Build" ToolsVersion="4.0" xmlns="http://schemas.microsoft.com/developer/msbuild/2003">
  <ItemGroup>
    <Filter Include="Source Files">
      <UniqueIdentifier>ae207085-f00b-486f-87b1-fe1f8d130d52</UniqueIdentifier>
    </Filter>
    <Filter Include="Header Files">
      <UniqueIdentifier>9aa81ecb-4111-4f20-b8b9-9c98e2e303b6</UniqueIdentifier>
    </Filter>
    <Filter Include="Image Files">
      <UniqueIdentifier>56f758cb-454b-4820-81b1-de73e2a46b22</UniqueIdentifier>
    </Filter>
  </ItemGroup>
  <ItemGroup>
    <ClCompile Include="..\..\LocalHistogramEqualizationInstance.cpp">
        <Filter>Source Files</Filter>
    </ClCompile>
    <ClCompile Include="..\..\LocalHistogramEqualizationInterface.cpp">
        <Filter>Source Files</Filter>
    </ClCompile>
    <ClCompile Include="..\..\LocalHistogramEqualizationModule.cpp">
        <Filter>Source Files</Filter>
    </ClCompile>
    <ClCompile Include="..\..\LocalHistogramEqualizationParameters.cpp">
        <Filter>Source Files</Filter>
    </ClCompile>
    <ClCompile Include="..\..\LocalHistogramEqualizationProcess.cpp">
        <Filter>Source Files</Filter>
    </ClCompile>
  </ItemGroup>
  <ItemGroup>
    <ClInclude Include="..\..\LocalHistogramEqualizationInstance.h">
        <Filter>Header Files</Filter>
    </ClInclude>
    <ClInclude Include="..\..\LocalHistogramEqualizationInterface.h">
        <Filter>Header Files</Filter>
    </ClInclude>
    <ClInclude Include="..\..\LocalHistogramEqualizationModule.h">
        <Filter>Header Files</Filter>
    </ClInclude>
    <ClInclude Include="..\..\LocalHistogramEqualizationParameters.h">
        <Filter>Header Files</Filter>
    </ClInclude>
    <ClInclude Include="..\..\LocalHistogramEqualizationProcess.h">
        <Filter>Header Files</Filter>
    </ClInclude>
  </ItemGroup>
  <ItemGroup>
    <None Include="..\..\LocalHistogramEqualizationIcon.png">
        <Filter>Image Files</Filter>
    </None>
  </ItemGroup>
</Project>
