<?xml version="1.0" encoding="utf-8"?>
<!--
######################################################################
# PixInsight Makefile Generator Script v1.104
# Copyright (C) 2009-2017 Pleiades Astrophoto
######################################################################
# Generated on .... 2017-07-09T17:56:01.967Z
# Project id ...... ImageIntegration
# Project type .... Module
# Platform ........ Windows/vc14
# ++++++++++++++++++++++++++++++++++++++++++++++++++++++++++++++++++++
# Additional preprocessor definitions:
# _CRT_SECURE_NO_WARNINGS
######################################################################
-->
<Project DefaultTargets="Build" ToolsVersion="4.0" xmlns="http://schemas.microsoft.com/developer/msbuild/2003">
  <ItemGroup>
    <Filter Include="Source Files">
      <UniqueIdentifier>09dea32c-f81d-4e06-b9db-0a2c6a35a709</UniqueIdentifier>
    </Filter>
    <Filter Include="Header Files">
      <UniqueIdentifier>8e14dd1b-7a35-4cf9-a97a-9c9314ec6ce1</UniqueIdentifier>
    </Filter>
    <Filter Include="Image Files">
      <UniqueIdentifier>a710c6b8-b7b6-4111-adb4-85ff827b8c1e</UniqueIdentifier>
    </Filter>
  </ItemGroup>
  <ItemGroup>
    <ClCompile Include="..\..\DrizzleIntegrationInstance.cpp">
        <Filter>Source Files</Filter>
    </ClCompile>
    <ClCompile Include="..\..\DrizzleIntegrationInterface.cpp">
        <Filter>Source Files</Filter>
    </ClCompile>
    <ClCompile Include="..\..\DrizzleIntegrationParameters.cpp">
        <Filter>Source Files</Filter>
    </ClCompile>
    <ClCompile Include="..\..\DrizzleIntegrationProcess.cpp">
        <Filter>Source Files</Filter>
    </ClCompile>
    <ClCompile Include="..\..\FileDataCache.cpp">
        <Filter>Source Files</Filter>
    </ClCompile>
    <ClCompile Include="..\..\FileDataCachePreferencesDialog.cpp">
        <Filter>Source Files</Filter>
    </ClCompile>
    <ClCompile Include="..\..\HDRCompositionInstance.cpp">
        <Filter>Source Files</Filter>
    </ClCompile>
    <ClCompile Include="..\..\HDRCompositionInterface.cpp">
        <Filter>Source Files</Filter>
    </ClCompile>
    <ClCompile Include="..\..\HDRCompositionParameters.cpp">
        <Filter>Source Files</Filter>
    </ClCompile>
    <ClCompile Include="..\..\HDRCompositionProcess.cpp">
        <Filter>Source Files</Filter>
    </ClCompile>
    <ClCompile Include="..\..\ImageIntegrationInstance.cpp">
        <Filter>Source Files</Filter>
    </ClCompile>
    <ClCompile Include="..\..\ImageIntegrationInterface.cpp">
        <Filter>Source Files</Filter>
    </ClCompile>
    <ClCompile Include="..\..\ImageIntegrationModule.cpp">
        <Filter>Source Files</Filter>
    </ClCompile>
    <ClCompile Include="..\..\ImageIntegrationParameters.cpp">
        <Filter>Source Files</Filter>
    </ClCompile>
    <ClCompile Include="..\..\ImageIntegrationProcess.cpp">
        <Filter>Source Files</Filter>
    </ClCompile>
    <ClCompile Include="..\..\IntegrationCache.cpp">
        <Filter>Source Files</Filter>
    </ClCompile>
  </ItemGroup>
  <ItemGroup>
    <ClInclude Include="..\..\DrizzleIntegrationInstance.h">
        <Filter>Header Files</Filter>
    </ClInclude>
    <ClInclude Include="..\..\DrizzleIntegrationInterface.h">
        <Filter>Header Files</Filter>
    </ClInclude>
    <ClInclude Include="..\..\DrizzleIntegrationParameters.h">
        <Filter>Header Files</Filter>
    </ClInclude>
    <ClInclude Include="..\..\DrizzleIntegrationProcess.h">
        <Filter>Header Files</Filter>
    </ClInclude>
    <ClInclude Include="..\..\FileDataCache.h">
        <Filter>Header Files</Filter>
    </ClInclude>
    <ClInclude Include="..\..\FileDataCachePreferencesDialog.h">
        <Filter>Header Files</Filter>
    </ClInclude>
    <ClInclude Include="..\..\HDRCompositionInstance.h">
        <Filter>Header Files</Filter>
    </ClInclude>
    <ClInclude Include="..\..\HDRCompositionInterface.h">
        <Filter>Header Files</Filter>
    </ClInclude>
    <ClInclude Include="..\..\HDRCompositionParameters.h">
        <Filter>Header Files</Filter>
    </ClInclude>
    <ClInclude Include="..\..\HDRCompositionProcess.h">
        <Filter>Header Files</Filter>
    </ClInclude>
    <ClInclude Include="..\..\ImageIntegrationInstance.h">
        <Filter>Header Files</Filter>
    </ClInclude>
    <ClInclude Include="..\..\ImageIntegrationInterface.h">
        <Filter>Header Files</Filter>
    </ClInclude>
    <ClInclude Include="..\..\ImageIntegrationModule.h">
        <Filter>Header Files</Filter>
    </ClInclude>
    <ClInclude Include="..\..\ImageIntegrationParameters.h">
        <Filter>Header Files</Filter>
    </ClInclude>
    <ClInclude Include="..\..\ImageIntegrationProcess.h">
        <Filter>Header Files</Filter>
    </ClInclude>
    <ClInclude Include="..\..\IntegrationCache.h">
        <Filter>Header Files</Filter>
    </ClInclude>
  </ItemGroup>
  <ItemGroup>
    <None Include="..\..\DrizzleIntegrationIcon.png">
        <Filter>Image Files</Filter>
    </None>
    <None Include="..\..\HDRCompositionIcon.png">
        <Filter>Image Files</Filter>
    </None>
    <None Include="..\..\ImageIntegrationIcon.png">
        <Filter>Image Files</Filter>
    </None>
    <None Include="..\..\grid.png">
        <Filter>Image Files</Filter>
    </None>
    <None Include="..\..\__private\ImageIntegrationIcons.svg">
        <Filter>Image Files</Filter>
    </None>
    <None Include="..\..\__private\ImageIntegrationIcons.svg-rect3260-4294966373.png">
        <Filter>Image Files</Filter>
    </None>
    <None Include="..\..\__private\Pyramid.svg">
        <Filter>Image Files</Filter>
    </None>
    <None Include="..\..\__private\Tetrahedron.svg">
        <Filter>Image Files</Filter>
    </None>
  </ItemGroup>
</Project>
