<?xml version="1.0" encoding="utf-8"?>
<!--
######################################################################
# PixInsight Makefile Generator Script v1.104
# Copyright (C) 2009-2017 Pleiades Astrophoto
######################################################################
# Generated on .... 2017-07-09T17:56:11.626Z
# Project id ...... Debayer
# Project type .... Module
# Platform ........ Windows/vc14
# ++++++++++++++++++++++++++++++++++++++++++++++++++++++++++++++++++++
# Additional preprocessor definitions:
# _CRT_SECURE_NO_WARNINGS
######################################################################
-->
<Project DefaultTargets="Build" ToolsVersion="4.0" xmlns="http://schemas.microsoft.com/developer/msbuild/2003">
  <ItemGroup>
    <Filter Include="Source Files">
      <UniqueIdentifier>75843174-4006-401e-a3a7-9f033b7caf92</UniqueIdentifier>
    </Filter>
    <Filter Include="Header Files">
      <UniqueIdentifier>afe7cf83-5be0-4f0c-90b5-d0eba46f5db2</UniqueIdentifier>
    </Filter>
  </ItemGroup>
  <ItemGroup>
    <ClCompile Include="..\..\DebayerInstance.cpp">
        <Filter>Source Files</Filter>
    </ClCompile>
    <ClCompile Include="..\..\DebayerInterface.cpp">
        <Filter>Source Files</Filter>
    </ClCompile>
    <ClCompile Include="..\..\DebayerModule.cpp">
        <Filter>Source Files</Filter>
    </ClCompile>
    <ClCompile Include="..\..\DebayerParameters.cpp">
        <Filter>Source Files</Filter>
    </ClCompile>
    <ClCompile Include="..\..\DebayerProcess.cpp">
        <Filter>Source Files</Filter>
    </ClCompile>
  </ItemGroup>
  <ItemGroup>
    <ClInclude Include="..\..\DebayerInstance.h">
        <Filter>Header Files</Filter>
    </ClInclude>
    <ClInclude Include="..\..\DebayerInterface.h">
        <Filter>Header Files</Filter>
    </ClInclude>
    <ClInclude Include="..\..\DebayerModule.h">
        <Filter>Header Files</Filter>
    </ClInclude>
    <ClInclude Include="..\..\DebayerParameters.h">
        <Filter>Header Files</Filter>
    </ClInclude>
    <ClInclude Include="..\..\DebayerProcess.h">
        <Filter>Header Files</Filter>
    </ClInclude>
  </ItemGroup>
</Project>
