<?xml version="1.0" encoding="utf-8"?>
<!--
######################################################################
# PixInsight Makefile Generator Script v1.107
# Copyright (C) 2009-2018 Pleiades Astrophoto
######################################################################
# Generated on .... 2018-11-01T11:09:06.974Z
# Project id ...... CosmeticCorrection
# Project type .... Module
# Platform ........ Windows/vc15
# ++++++++++++++++++++++++++++++++++++++++++++++++++++++++++++++++++++
# Additional preprocessor definitions:
# _CRT_SECURE_NO_WARNINGS
######################################################################
-->
<Project DefaultTargets="Build" ToolsVersion="4.0" xmlns="http://schemas.microsoft.com/developer/msbuild/2003">
  <ItemGroup>
    <Filter Include="Source Files">
      <UniqueIdentifier>d953f44c-a2df-420a-a483-77de3aada581</UniqueIdentifier>
    </Filter>
    <Filter Include="Header Files">
      <UniqueIdentifier>0a0e2e2e-a4cc-485e-9623-80af3db6d65c</UniqueIdentifier>
    </Filter>
  </ItemGroup>
  <ItemGroup>
    <ClCompile Include="..\..\CosmeticCorrectionInstance.cpp">
        <Filter>Source Files</Filter>
    </ClCompile>
    <ClCompile Include="..\..\CosmeticCorrectionInterface.cpp">
        <Filter>Source Files</Filter>
    </ClCompile>
    <ClCompile Include="..\..\CosmeticCorrectionModule.cpp">
        <Filter>Source Files</Filter>
    </ClCompile>
    <ClCompile Include="..\..\CosmeticCorrectionParameters.cpp">
        <Filter>Source Files</Filter>
    </ClCompile>
    <ClCompile Include="..\..\CosmeticCorrectionProcess.cpp">
        <Filter>Source Files</Filter>
    </ClCompile>
  </ItemGroup>
  <ItemGroup>
    <ClInclude Include="..\..\CosmeticCorrectionInstance.h">
        <Filter>Header Files</Filter>
    </ClInclude>
    <ClInclude Include="..\..\CosmeticCorrectionInterface.h">
        <Filter>Header Files</Filter>
    </ClInclude>
    <ClInclude Include="..\..\CosmeticCorrectionModule.h">
        <Filter>Header Files</Filter>
    </ClInclude>
    <ClInclude Include="..\..\CosmeticCorrectionParameters.h">
        <Filter>Header Files</Filter>
    </ClInclude>
    <ClInclude Include="..\..\CosmeticCorrectionProcess.h">
        <Filter>Header Files</Filter>
    </ClInclude>
  </ItemGroup>
</Project>
