<?xml version="1.0" encoding="utf-8"?>
<!--
######################################################################
# PixInsight Makefile Generator Script v1.93
# Copyright (C) 2009-2014 Pleiades Astrophoto
######################################################################
# Automatically generated on Fri, 14 Nov 2014 17:27:23 GMT
# Project id ...... ImageIntegration
# Project type .... Module
# Platform ........ Windows/vc11
######################################################################
-->
<Project DefaultTargets="Build" ToolsVersion="4.0" xmlns="http://schemas.microsoft.com/developer/msbuild/2003">
  <ItemGroup>
    <Filter Include="Source Files">
      <UniqueIdentifier>{01b3abbc-eea6-470d-acaa-1ab70a4ab8f6}</UniqueIdentifier>
    </Filter>
    <Filter Include="Header Files">
      <UniqueIdentifier>{61114dbc-b961-4bb7-be8f-19901b89253d}</UniqueIdentifier>
    </Filter>
    <Filter Include="Image Files">
      <UniqueIdentifier>{5f4b9cad-dcb5-426e-a182-4c299db01993}</UniqueIdentifier>
    </Filter>
  </ItemGroup>
  <ItemGroup>
    <ClCompile Include="..\..\DrizzleIntegrationInstance.cpp">
        <Filter>Source Files</Filter>
    </ClCompile>
    <ClCompile Include="..\..\DrizzleIntegrationInterface.cpp">
        <Filter>Source Files</Filter>
    </ClCompile>
    <ClCompile Include="..\..\DrizzleIntegrationParameters.cpp">
        <Filter>Source Files</Filter>
    </ClCompile>
    <ClCompile Include="..\..\DrizzleIntegrationProcess.cpp">
        <Filter>Source Files</Filter>
    </ClCompile>
    <ClCompile Include="..\..\FileDataCache.cpp">
        <Filter>Source Files</Filter>
    </ClCompile>
    <ClCompile Include="..\..\FileDataCachePreferencesDialog.cpp">
        <Filter>Source Files</Filter>
    </ClCompile>
    <ClCompile Include="..\..\HDRCompositionInstance.cpp">
        <Filter>Source Files</Filter>
    </ClCompile>
    <ClCompile Include="..\..\HDRCompositionInterface.cpp">
        <Filter>Source Files</Filter>
    </ClCompile>
    <ClCompile Include="..\..\HDRCompositionParameters.cpp">
        <Filter>Source Files</Filter>
    </ClCompile>
    <ClCompile Include="..\..\HDRCompositionProcess.cpp">
        <Filter>Source Files</Filter>
    </ClCompile>
    <ClCompile Include="..\..\ImageIntegrationInstance.cpp">
        <Filter>Source Files</Filter>
    </ClCompile>
    <ClCompile Include="..\..\ImageIntegrationInterface.cpp">
        <Filter>Source Files</Filter>
    </ClCompile>
    <ClCompile Include="..\..\ImageIntegrationModule.cpp">
        <Filter>Source Files</Filter>
    </ClCompile>
    <ClCompile Include="..\..\ImageIntegrationParameters.cpp">
        <Filter>Source Files</Filter>
    </ClCompile>
    <ClCompile Include="..\..\ImageIntegrationProcess.cpp">
        <Filter>Source Files</Filter>
    </ClCompile>
    <ClCompile Include="..\..\IntegrationCache.cpp">
        <Filter>Source Files</Filter>
    </ClCompile>
  </ItemGroup>
  <ItemGroup>
    <ClInclude Include="..\..\DrizzleIntegrationInstance.h">
        <Filter>Header Files</Filter>
    </ClInclude>
    <ClInclude Include="..\..\DrizzleIntegrationInterface.h">
        <Filter>Header Files</Filter>
    </ClInclude>
    <ClInclude Include="..\..\DrizzleIntegrationParameters.h">
        <Filter>Header Files</Filter>
    </ClInclude>
    <ClInclude Include="..\..\DrizzleIntegrationProcess.h">
        <Filter>Header Files</Filter>
    </ClInclude>
    <ClInclude Include="..\..\FileDataCache.h">
        <Filter>Header Files</Filter>
    </ClInclude>
    <ClInclude Include="..\..\FileDataCachePreferencesDialog.h">
        <Filter>Header Files</Filter>
    </ClInclude>
    <ClInclude Include="..\..\HDRCompositionInstance.h">
        <Filter>Header Files</Filter>
    </ClInclude>
    <ClInclude Include="..\..\HDRCompositionInterface.h">
        <Filter>Header Files</Filter>
    </ClInclude>
    <ClInclude Include="..\..\HDRCompositionParameters.h">
        <Filter>Header Files</Filter>
    </ClInclude>
    <ClInclude Include="..\..\HDRCompositionProcess.h">
        <Filter>Header Files</Filter>
    </ClInclude>
    <ClInclude Include="..\..\ImageIntegrationInstance.h">
        <Filter>Header Files</Filter>
    </ClInclude>
    <ClInclude Include="..\..\ImageIntegrationInterface.h">
        <Filter>Header Files</Filter>
    </ClInclude>
    <ClInclude Include="..\..\ImageIntegrationModule.h">
        <Filter>Header Files</Filter>
    </ClInclude>
    <ClInclude Include="..\..\ImageIntegrationParameters.h">
        <Filter>Header Files</Filter>
    </ClInclude>
    <ClInclude Include="..\..\ImageIntegrationProcess.h">
        <Filter>Header Files</Filter>
    </ClInclude>
    <ClInclude Include="..\..\IntegrationCache.h">
        <Filter>Header Files</Filter>
    </ClInclude>
  </ItemGroup>
  <ItemGroup>
    <None Include="..\..\DrizzleIntegrationIcon.png">
        <Filter>Image Files</Filter>
    </None>
    <None Include="..\..\HDRCompositionIcon.png">
        <Filter>Image Files</Filter>
    </None>
    <None Include="..\..\ImageIntegrationIcon.png">
        <Filter>Image Files</Filter>
    </None>
    <None Include="..\..\grid.png">
        <Filter>Image Files</Filter>
    </None>
    <None Include="..\..\__private\ImageIntegrationIcons.svg">
        <Filter>Image Files</Filter>
    </None>
    <None Include="..\..\__private\ImageIntegrationIcons.svg-rect3260-4294966373.png">
        <Filter>Image Files</Filter>
    </None>
    <None Include="..\..\__private\Pyramid.svg">
        <Filter>Image Files</Filter>
    </None>
    <None Include="..\..\__private\Tetrahedron.svg">
        <Filter>Image Files</Filter>
    </None>
  </ItemGroup>
</Project>
