<?xml version="1.0" encoding="utf-8"?>
<!--
######################################################################
# PixInsight Makefile Generator Script v1.104
# Copyright (C) 2009-2017 Pleiades Astrophoto
######################################################################
# Generated on .... 2017-07-18T16:09:27.041Z
# Project id ...... StarGenerator
# Project type .... Module
# Platform ........ Windows/vc14
# ++++++++++++++++++++++++++++++++++++++++++++++++++++++++++++++++++++
# Additional preprocessor definitions:
# _CRT_SECURE_NO_WARNINGS
######################################################################
-->
<Project DefaultTargets="Build" ToolsVersion="4.0" xmlns="http://schemas.microsoft.com/developer/msbuild/2003">
  <ItemGroup>
    <Filter Include="Source Files">
      <UniqueIdentifier>be29f47a-d3bb-4976-af2d-ddf8b705dfe4</UniqueIdentifier>
    </Filter>
    <Filter Include="Header Files">
      <UniqueIdentifier>c8eb9ad4-b489-408b-990a-cc6442d06717</UniqueIdentifier>
    </Filter>
    <Filter Include="Image Files">
      <UniqueIdentifier>0fb487a1-3afd-4af0-a725-8806ff41152b</UniqueIdentifier>
    </Filter>
  </ItemGroup>
  <ItemGroup>
    <ClCompile Include="..\..\Projection.cpp">
        <Filter>Source Files</Filter>
    </ClCompile>
    <ClCompile Include="..\..\StarGeneratorInstance.cpp">
        <Filter>Source Files</Filter>
    </ClCompile>
    <ClCompile Include="..\..\StarGeneratorInterface.cpp">
        <Filter>Source Files</Filter>
    </ClCompile>
    <ClCompile Include="..\..\StarGeneratorModule.cpp">
        <Filter>Source Files</Filter>
    </ClCompile>
    <ClCompile Include="..\..\StarGeneratorParameters.cpp">
        <Filter>Source Files</Filter>
    </ClCompile>
    <ClCompile Include="..\..\StarGeneratorProcess.cpp">
        <Filter>Source Files</Filter>
    </ClCompile>
  </ItemGroup>
  <ItemGroup>
    <ClInclude Include="..\..\GnomonicProjection.h">
        <Filter>Header Files</Filter>
    </ClInclude>
    <ClInclude Include="..\..\LambertConformalConicProjection.h">
        <Filter>Header Files</Filter>
    </ClInclude>
    <ClInclude Include="..\..\MercatorCylindricalProjection.h">
        <Filter>Header Files</Filter>
    </ClInclude>
    <ClInclude Include="..\..\Projection.h">
        <Filter>Header Files</Filter>
    </ClInclude>
    <ClInclude Include="..\..\ProjectionSystem.h">
        <Filter>Header Files</Filter>
    </ClInclude>
    <ClInclude Include="..\..\StarDatabase.h">
        <Filter>Header Files</Filter>
    </ClInclude>
    <ClInclude Include="..\..\StarGeneratorInstance.h">
        <Filter>Header Files</Filter>
    </ClInclude>
    <ClInclude Include="..\..\StarGeneratorInterface.h">
        <Filter>Header Files</Filter>
    </ClInclude>
    <ClInclude Include="..\..\StarGeneratorModule.h">
        <Filter>Header Files</Filter>
    </ClInclude>
    <ClInclude Include="..\..\StarGeneratorParameters.h">
        <Filter>Header Files</Filter>
    </ClInclude>
    <ClInclude Include="..\..\StarGeneratorProcess.h">
        <Filter>Header Files</Filter>
    </ClInclude>
    <ClInclude Include="..\..\StereographicProjection.h">
        <Filter>Header Files</Filter>
    </ClInclude>
  </ItemGroup>
  <ItemGroup>
    <None Include="..\..\StarGeneratorIcon.png">
        <Filter>Image Files</Filter>
    </None>
  </ItemGroup>
</Project>
