<?xml version="1.0" encoding="utf-8"?>
<!--
######################################################################
# PixInsight Makefile Generator Script v1.106
# Copyright (C) 2009-2017 Pleiades Astrophoto
######################################################################
# Generated on .... 2018-02-07T11:40:10.563Z
# Project id ...... RAW
# Project type .... Module
# Platform ........ Windows/vc14
# ++++++++++++++++++++++++++++++++++++++++++++++++++++++++++++++++++++
# Additional preprocessor definitions:
# _CRT_SECURE_NO_WARNINGS
# LIBRAW_NODLL
# ++++++++++++++++++++++++++++++++++++++++++++++++++++++++++++++++++++
# Additional libraries:
# libraw-pxi
######################################################################
-->
<Project DefaultTargets="Build" ToolsVersion="4.0" xmlns="http://schemas.microsoft.com/developer/msbuild/2003">
  <ItemGroup>
    <Filter Include="Source Files">
      <UniqueIdentifier>509049e4-b70d-43f4-8e91-0fffe0d426bc</UniqueIdentifier>
    </Filter>
    <Filter Include="Header Files">
      <UniqueIdentifier>4b3b6db0-edca-402a-9b60-b1a0dcd18696</UniqueIdentifier>
    </Filter>
  </ItemGroup>
  <ItemGroup>
    <ClCompile Include="..\..\RawFormat.cpp">
        <Filter>Source Files</Filter>
    </ClCompile>
    <ClCompile Include="..\..\RawInstance.cpp">
        <Filter>Source Files</Filter>
    </ClCompile>
    <ClCompile Include="..\..\RawModule.cpp">
        <Filter>Source Files</Filter>
    </ClCompile>
    <ClCompile Include="..\..\RawPreferencesDialog.cpp">
        <Filter>Source Files</Filter>
    </ClCompile>
  </ItemGroup>
  <ItemGroup>
    <ClInclude Include="..\..\RawFormat.h">
        <Filter>Header Files</Filter>
    </ClInclude>
    <ClInclude Include="..\..\RawInstance.h">
        <Filter>Header Files</Filter>
    </ClInclude>
    <ClInclude Include="..\..\RawModule.h">
        <Filter>Header Files</Filter>
    </ClInclude>
    <ClInclude Include="..\..\RawPreferences.h">
        <Filter>Header Files</Filter>
    </ClInclude>
    <ClInclude Include="..\..\RawPreferencesDialog.h">
        <Filter>Header Files</Filter>
    </ClInclude>
  </ItemGroup>
</Project>
