<?xml version="1.0" encoding="utf-8"?>
<!--
######################################################################
# PixInsight Makefile Generator Script v1.107
# Copyright (C) 2009-2018 Pleiades Astrophoto
######################################################################
# Generated on .... 2018-11-23T18:57:49.681Z
# Project id ...... ColorManagement
# Project type .... Module
# Platform ........ Windows/vc15
# ++++++++++++++++++++++++++++++++++++++++++++++++++++++++++++++++++++
# Additional preprocessor definitions:
# _CRT_SECURE_NO_WARNINGS
######################################################################
-->
<Project DefaultTargets="Build" ToolsVersion="4.0" xmlns="http://schemas.microsoft.com/developer/msbuild/2003">
  <ItemGroup>
    <Filter Include="Source Files">
      <UniqueIdentifier>a9b4222e-c1ee-432b-b8f2-2a56ad594728</UniqueIdentifier>
    </Filter>
    <Filter Include="Header Files">
      <UniqueIdentifier>3ff985f9-a3d9-496e-b6b3-29fdf816d66e</UniqueIdentifier>
    </Filter>
    <Filter Include="Image Files">
      <UniqueIdentifier>4fc8da31-f2a2-4a68-b059-b73e4df3fb05</UniqueIdentifier>
    </Filter>
  </ItemGroup>
  <ItemGroup>
    <ClCompile Include="..\..\AssignICCProfileInstance.cpp">
        <Filter>Source Files</Filter>
    </ClCompile>
    <ClCompile Include="..\..\AssignICCProfileInterface.cpp">
        <Filter>Source Files</Filter>
    </ClCompile>
    <ClCompile Include="..\..\AssignICCProfileParameters.cpp">
        <Filter>Source Files</Filter>
    </ClCompile>
    <ClCompile Include="..\..\AssignICCProfileProcess.cpp">
        <Filter>Source Files</Filter>
    </ClCompile>
    <ClCompile Include="..\..\ColorManagementModule.cpp">
        <Filter>Source Files</Filter>
    </ClCompile>
    <ClCompile Include="..\..\ICCProfileTransformationInstance.cpp">
        <Filter>Source Files</Filter>
    </ClCompile>
    <ClCompile Include="..\..\ICCProfileTransformationInterface.cpp">
        <Filter>Source Files</Filter>
    </ClCompile>
    <ClCompile Include="..\..\ICCProfileTransformationParameters.cpp">
        <Filter>Source Files</Filter>
    </ClCompile>
    <ClCompile Include="..\..\ICCProfileTransformationProcess.cpp">
        <Filter>Source Files</Filter>
    </ClCompile>
  </ItemGroup>
  <ItemGroup>
    <ClInclude Include="..\..\AssignICCProfileInstance.h">
        <Filter>Header Files</Filter>
    </ClInclude>
    <ClInclude Include="..\..\AssignICCProfileInterface.h">
        <Filter>Header Files</Filter>
    </ClInclude>
    <ClInclude Include="..\..\AssignICCProfileParameters.h">
        <Filter>Header Files</Filter>
    </ClInclude>
    <ClInclude Include="..\..\AssignICCProfileProcess.h">
        <Filter>Header Files</Filter>
    </ClInclude>
    <ClInclude Include="..\..\ColorManagementModule.h">
        <Filter>Header Files</Filter>
    </ClInclude>
    <ClInclude Include="..\..\ICCProfileTransformationInstance.h">
        <Filter>Header Files</Filter>
    </ClInclude>
    <ClInclude Include="..\..\ICCProfileTransformationInterface.h">
        <Filter>Header Files</Filter>
    </ClInclude>
    <ClInclude Include="..\..\ICCProfileTransformationParameters.h">
        <Filter>Header Files</Filter>
    </ClInclude>
    <ClInclude Include="..\..\ICCProfileTransformationProcess.h">
        <Filter>Header Files</Filter>
    </ClInclude>
  </ItemGroup>
  <ItemGroup>
    <None Include="..\..\AssignICCProfileIcon.png">
        <Filter>Image Files</Filter>
    </None>
    <None Include="..\..\ICCProfileTransformationIcon.png">
        <Filter>Image Files</Filter>
    </None>
  </ItemGroup>
</Project>
