<?xml version="1.0" encoding="utf-8"?>
<!--
######################################################################
# PixInsight Makefile Generator Script v1.107
# Copyright (C) 2009-2018 Pleiades Astrophoto
######################################################################
# Generated on .... 2018-12-12T13:32:23.763Z
# Project id ...... ImageCalibration
# Project type .... Module
# Platform ........ Windows/vc15
# ++++++++++++++++++++++++++++++++++++++++++++++++++++++++++++++++++++
# Additional preprocessor definitions:
# _CRT_SECURE_NO_WARNINGS
######################################################################
-->
<Project DefaultTargets="Build" ToolsVersion="4.0" xmlns="http://schemas.microsoft.com/developer/msbuild/2003">
  <ItemGroup>
    <Filter Include="Source Files">
      <UniqueIdentifier>b5dec8db-208d-460d-a595-76f775f2edb3</UniqueIdentifier>
    </Filter>
    <Filter Include="Header Files">
      <UniqueIdentifier>514fc5ed-cf75-4031-b6d0-f7adf791ac37</UniqueIdentifier>
    </Filter>
    <Filter Include="Image Files">
      <UniqueIdentifier>aad06d7c-07f7-4a05-80a8-941c138dc3e3</UniqueIdentifier>
    </Filter>
  </ItemGroup>
  <ItemGroup>
    <ClCompile Include="..\..\DefectMapInstance.cpp">
        <Filter>Source Files</Filter>
    </ClCompile>
    <ClCompile Include="..\..\DefectMapInterface.cpp">
        <Filter>Source Files</Filter>
    </ClCompile>
    <ClCompile Include="..\..\DefectMapParameters.cpp">
        <Filter>Source Files</Filter>
    </ClCompile>
    <ClCompile Include="..\..\DefectMapProcess.cpp">
        <Filter>Source Files</Filter>
    </ClCompile>
    <ClCompile Include="..\..\ImageCalibrationInstance.cpp">
        <Filter>Source Files</Filter>
    </ClCompile>
    <ClCompile Include="..\..\ImageCalibrationInterface.cpp">
        <Filter>Source Files</Filter>
    </ClCompile>
    <ClCompile Include="..\..\ImageCalibrationModule.cpp">
        <Filter>Source Files</Filter>
    </ClCompile>
    <ClCompile Include="..\..\ImageCalibrationParameters.cpp">
        <Filter>Source Files</Filter>
    </ClCompile>
    <ClCompile Include="..\..\ImageCalibrationProcess.cpp">
        <Filter>Source Files</Filter>
    </ClCompile>
    <ClCompile Include="..\..\LocalNormalizationInstance.cpp">
        <Filter>Source Files</Filter>
    </ClCompile>
    <ClCompile Include="..\..\LocalNormalizationInterface.cpp">
        <Filter>Source Files</Filter>
    </ClCompile>
    <ClCompile Include="..\..\LocalNormalizationParameters.cpp">
        <Filter>Source Files</Filter>
    </ClCompile>
    <ClCompile Include="..\..\LocalNormalizationProcess.cpp">
        <Filter>Source Files</Filter>
    </ClCompile>
    <ClCompile Include="..\..\SuperbiasInstance.cpp">
        <Filter>Source Files</Filter>
    </ClCompile>
    <ClCompile Include="..\..\SuperbiasInterface.cpp">
        <Filter>Source Files</Filter>
    </ClCompile>
    <ClCompile Include="..\..\SuperbiasParameters.cpp">
        <Filter>Source Files</Filter>
    </ClCompile>
    <ClCompile Include="..\..\SuperbiasProcess.cpp">
        <Filter>Source Files</Filter>
    </ClCompile>
  </ItemGroup>
  <ItemGroup>
    <ClInclude Include="..\..\DefectMapInstance.h">
        <Filter>Header Files</Filter>
    </ClInclude>
    <ClInclude Include="..\..\DefectMapInterface.h">
        <Filter>Header Files</Filter>
    </ClInclude>
    <ClInclude Include="..\..\DefectMapParameters.h">
        <Filter>Header Files</Filter>
    </ClInclude>
    <ClInclude Include="..\..\DefectMapProcess.h">
        <Filter>Header Files</Filter>
    </ClInclude>
    <ClInclude Include="..\..\ImageCalibrationInstance.h">
        <Filter>Header Files</Filter>
    </ClInclude>
    <ClInclude Include="..\..\ImageCalibrationInterface.h">
        <Filter>Header Files</Filter>
    </ClInclude>
    <ClInclude Include="..\..\ImageCalibrationModule.h">
        <Filter>Header Files</Filter>
    </ClInclude>
    <ClInclude Include="..\..\ImageCalibrationParameters.h">
        <Filter>Header Files</Filter>
    </ClInclude>
    <ClInclude Include="..\..\ImageCalibrationProcess.h">
        <Filter>Header Files</Filter>
    </ClInclude>
    <ClInclude Include="..\..\LocalNormalizationInstance.h">
        <Filter>Header Files</Filter>
    </ClInclude>
    <ClInclude Include="..\..\LocalNormalizationInterface.h">
        <Filter>Header Files</Filter>
    </ClInclude>
    <ClInclude Include="..\..\LocalNormalizationParameters.h">
        <Filter>Header Files</Filter>
    </ClInclude>
    <ClInclude Include="..\..\LocalNormalizationProcess.h">
        <Filter>Header Files</Filter>
    </ClInclude>
    <ClInclude Include="..\..\OutputFileData.h">
        <Filter>Header Files</Filter>
    </ClInclude>
    <ClInclude Include="..\..\SuperbiasInstance.h">
        <Filter>Header Files</Filter>
    </ClInclude>
    <ClInclude Include="..\..\SuperbiasInterface.h">
        <Filter>Header Files</Filter>
    </ClInclude>
    <ClInclude Include="..\..\SuperbiasParameters.h">
        <Filter>Header Files</Filter>
    </ClInclude>
    <ClInclude Include="..\..\SuperbiasProcess.h">
        <Filter>Header Files</Filter>
    </ClInclude>
  </ItemGroup>
  <ItemGroup>
    <None Include="..\..\DefectMapIcon.png">
        <Filter>Image Files</Filter>
    </None>
    <None Include="..\..\ImageCalibrationIcon.png">
        <Filter>Image Files</Filter>
    </None>
    <None Include="..\..\LocalNormalizationIcon.png">
        <Filter>Image Files</Filter>
    </None>
    <None Include="..\..\SuperbiasIcon.png">
        <Filter>Image Files</Filter>
    </None>
  </ItemGroup>
</Project>
