<?xml version="1.0" encoding="utf-8"?>
<!--
######################################################################
# PixInsight Makefile Generator Script v1.93
# Copyright (C) 2009-2014 Pleiades Astrophoto
######################################################################
# Automatically generated on Fri, 16 Jan 2015 22:02:06 GMT
# Project id ...... PixInsightINDIclient
# Project type .... Module
# Platform ........ Windows/vc10
# ++++++++++++++++++++++++++++++++++++++++++++++++++++++++++++++++++++
# Additional libraries:
# z
######################################################################
-->
<Project DefaultTargets="Build" ToolsVersion="4.0" xmlns="http://schemas.microsoft.com/developer/msbuild/2003">
  <ItemGroup>
    <Filter Include="Source Files">
      <UniqueIdentifier>{01b3abbc-eea6-470d-acaa-1ab70a4ab8f6}</UniqueIdentifier>
    </Filter>
    <Filter Include="Header Files">
      <UniqueIdentifier>{61114dbc-b961-4bb7-be8f-19901b89253d}</UniqueIdentifier>
    </Filter>
  </ItemGroup>
  <ItemGroup>
    <ClCompile Include="..\..\BaseClientImpl.cpp">
        <Filter>Source Files</Filter>
    </ClCompile>
    <ClCompile Include="..\..\CCDFrameInstance.cpp">
        <Filter>Source Files</Filter>
    </ClCompile>
    <ClCompile Include="..\..\CCDFrameInterface.cpp">
        <Filter>Source Files</Filter>
    </ClCompile>
    <ClCompile Include="..\..\CCDFrameProcess.cpp">
        <Filter>Source Files</Filter>
    </ClCompile>
    <ClCompile Include="..\..\IINDIProperty.cpp">
        <Filter>Source Files</Filter>
    </ClCompile>
    <ClCompile Include="..\..\INDIPropertyBuilder.cpp">
        <Filter>Source Files</Filter>
    </ClCompile>
    <ClCompile Include="..\..\PixInsightINDIInstance.cpp">
        <Filter>Source Files</Filter>
    </ClCompile>
    <ClCompile Include="..\..\PixInsightINDIInterface.cpp">
        <Filter>Source Files</Filter>
    </ClCompile>
    <ClCompile Include="..\..\PixInsightINDIModule.cpp">
        <Filter>Source Files</Filter>
    </ClCompile>
    <ClCompile Include="..\..\PixInsightINDIParameters.cpp">
        <Filter>Source Files</Filter>
    </ClCompile>
    <ClCompile Include="..\..\PixInsightINDIProcess.cpp">
        <Filter>Source Files</Filter>
    </ClCompile>
    <ClCompile Include="..\..\PixInsightINDIclient.cpp">
        <Filter>Source Files</Filter>
    </ClCompile>
    <ClCompile Include="..\..\PropertyNode.cpp">
        <Filter>Source Files</Filter>
    </ClCompile>
    <ClCompile Include="..\..\base64.c">
        <Filter>Source Files</Filter>
    </ClCompile>
    <ClCompile Include="..\..\basedevice.cpp">
        <Filter>Source Files</Filter>
    </ClCompile>
    <ClCompile Include="..\..\indicom.c">
        <Filter>Source Files</Filter>
    </ClCompile>
    <ClCompile Include="..\..\indiproperty.cpp">
        <Filter>Source Files</Filter>
    </ClCompile>
    <ClCompile Include="..\..\lilxml.c">
        <Filter>Source Files</Filter>
    </ClCompile>
  </ItemGroup>
  <ItemGroup>
    <ClInclude Include="..\..\BaseClient.h">
        <Filter>Header Files</Filter>
    </ClInclude>
    <ClInclude Include="..\..\BaseClientImpl.h">
        <Filter>Header Files</Filter>
    </ClInclude>
    <ClInclude Include="..\..\CCDFrameInstance.h">
        <Filter>Header Files</Filter>
    </ClInclude>
    <ClInclude Include="..\..\CCDFrameInterface.h">
        <Filter>Header Files</Filter>
    </ClInclude>
    <ClInclude Include="..\..\CCDFrameProcess.h">
        <Filter>Header Files</Filter>
    </ClInclude>
    <ClInclude Include="..\..\IINDIProperty.h">
        <Filter>Header Files</Filter>
    </ClInclude>
    <ClInclude Include="..\..\INDIPropertyBuilder.h">
        <Filter>Header Files</Filter>
    </ClInclude>
    <ClInclude Include="..\..\IPixInsightINDIInstance.h">
        <Filter>Header Files</Filter>
    </ClInclude>
    <ClInclude Include="..\..\PixInsightINDIInstance.h">
        <Filter>Header Files</Filter>
    </ClInclude>
    <ClInclude Include="..\..\PixInsightINDIInterface.h">
        <Filter>Header Files</Filter>
    </ClInclude>
    <ClInclude Include="..\..\PixInsightINDIModule.h">
        <Filter>Header Files</Filter>
    </ClInclude>
    <ClInclude Include="..\..\PixInsightINDIParamListTypes.h">
        <Filter>Header Files</Filter>
    </ClInclude>
    <ClInclude Include="..\..\PixInsightINDIParameters.h">
        <Filter>Header Files</Filter>
    </ClInclude>
    <ClInclude Include="..\..\PixInsightINDIProcess.h">
        <Filter>Header Files</Filter>
    </ClInclude>
    <ClInclude Include="..\..\PixInsightINDIclient.h">
        <Filter>Header Files</Filter>
    </ClInclude>
    <ClInclude Include="..\..\PropertyNode.h">
        <Filter>Header Files</Filter>
    </ClInclude>
    <ClInclude Include="..\..\base64.h">
        <Filter>Header Files</Filter>
    </ClInclude>
    <ClInclude Include="..\..\basedevice.h">
        <Filter>Header Files</Filter>
    </ClInclude>
    <ClInclude Include="..\..\error.h">
        <Filter>Header Files</Filter>
    </ClInclude>
    <ClInclude Include="..\..\indiapi.h">
        <Filter>Header Files</Filter>
    </ClInclude>
    <ClInclude Include="..\..\indibase.h">
        <Filter>Header Files</Filter>
    </ClInclude>
    <ClInclude Include="..\..\indicom.h">
        <Filter>Header Files</Filter>
    </ClInclude>
    <ClInclude Include="..\..\indidevapi.h">
        <Filter>Header Files</Filter>
    </ClInclude>
    <ClInclude Include="..\..\indiproperty.h">
        <Filter>Header Files</Filter>
    </ClInclude>
    <ClInclude Include="..\..\lilxml.h">
        <Filter>Header Files</Filter>
    </ClInclude>
  </ItemGroup>
</Project>
