<?xml version="1.0" encoding="utf-8"?>
<!--
######################################################################
# PixInsight Makefile Generator Script v1.101
# Copyright (C) 2009-2015 Pleiades Astrophoto
######################################################################
# Automatically generated on Fri, 18 Mar 2016 13:16:52 GMT
# Project id ...... Image
# Project type .... Module
# Platform ........ Windows/vc12
# ++++++++++++++++++++++++++++++++++++++++++++++++++++++++++++++++++++
# Additional preprocessor definitions:
# CMINPACK_NO_DLL
# ++++++++++++++++++++++++++++++++++++++++++++++++++++++++++++++++++++
# Additional libraries:
# cminpack-pxi
######################################################################
-->
<Project DefaultTargets="Build" ToolsVersion="4.0" xmlns="http://schemas.microsoft.com/developer/msbuild/2003">
  <ItemGroup>
    <Filter Include="Source Files">
      <UniqueIdentifier>{01b3abbc-eea6-470d-acaa-1ab70a4ab8f6}</UniqueIdentifier>
    </Filter>
    <Filter Include="Header Files">
      <UniqueIdentifier>{61114dbc-b961-4bb7-be8f-19901b89253d}</UniqueIdentifier>
    </Filter>
    <Filter Include="Image Files">
      <UniqueIdentifier>{5f4b9cad-dcb5-426e-a182-4c299db01993}</UniqueIdentifier>
    </Filter>
  </ItemGroup>
  <ItemGroup>
    <ClCompile Include="..\..\CreateAlphaChannelsInstance.cpp">
        <Filter>Source Files</Filter>
    </ClCompile>
    <ClCompile Include="..\..\CreateAlphaChannelsInterface.cpp">
        <Filter>Source Files</Filter>
    </ClCompile>
    <ClCompile Include="..\..\CreateAlphaChannelsParameters.cpp">
        <Filter>Source Files</Filter>
    </ClCompile>
    <ClCompile Include="..\..\CreateAlphaChannelsProcess.cpp">
        <Filter>Source Files</Filter>
    </ClCompile>
    <ClCompile Include="..\..\DynamicPSFInstance.cpp">
        <Filter>Source Files</Filter>
    </ClCompile>
    <ClCompile Include="..\..\DynamicPSFInterface.cpp">
        <Filter>Source Files</Filter>
    </ClCompile>
    <ClCompile Include="..\..\DynamicPSFParameters.cpp">
        <Filter>Source Files</Filter>
    </ClCompile>
    <ClCompile Include="..\..\DynamicPSFProcess.cpp">
        <Filter>Source Files</Filter>
    </ClCompile>
    <ClCompile Include="..\..\ExtractAlphaChannelsInstance.cpp">
        <Filter>Source Files</Filter>
    </ClCompile>
    <ClCompile Include="..\..\ExtractAlphaChannelsInterface.cpp">
        <Filter>Source Files</Filter>
    </ClCompile>
    <ClCompile Include="..\..\ExtractAlphaChannelsParameters.cpp">
        <Filter>Source Files</Filter>
    </ClCompile>
    <ClCompile Include="..\..\ExtractAlphaChannelsProcess.cpp">
        <Filter>Source Files</Filter>
    </ClCompile>
    <ClCompile Include="..\..\FITSHeaderAction.cpp">
        <Filter>Source Files</Filter>
    </ClCompile>
    <ClCompile Include="..\..\FITSHeaderInstance.cpp">
        <Filter>Source Files</Filter>
    </ClCompile>
    <ClCompile Include="..\..\FITSHeaderInterface.cpp">
        <Filter>Source Files</Filter>
    </ClCompile>
    <ClCompile Include="..\..\FITSHeaderParameters.cpp">
        <Filter>Source Files</Filter>
    </ClCompile>
    <ClCompile Include="..\..\FITSHeaderProcess.cpp">
        <Filter>Source Files</Filter>
    </ClCompile>
    <ClCompile Include="..\..\ImageIdentifierInstance.cpp">
        <Filter>Source Files</Filter>
    </ClCompile>
    <ClCompile Include="..\..\ImageIdentifierInterface.cpp">
        <Filter>Source Files</Filter>
    </ClCompile>
    <ClCompile Include="..\..\ImageIdentifierParameters.cpp">
        <Filter>Source Files</Filter>
    </ClCompile>
    <ClCompile Include="..\..\ImageIdentifierProcess.cpp">
        <Filter>Source Files</Filter>
    </ClCompile>
    <ClCompile Include="..\..\ImageModule.cpp">
        <Filter>Source Files</Filter>
    </ClCompile>
    <ClCompile Include="..\..\NewImageAction.cpp">
        <Filter>Source Files</Filter>
    </ClCompile>
    <ClCompile Include="..\..\NewImageInstance.cpp">
        <Filter>Source Files</Filter>
    </ClCompile>
    <ClCompile Include="..\..\NewImageInterface.cpp">
        <Filter>Source Files</Filter>
    </ClCompile>
    <ClCompile Include="..\..\NewImageParameters.cpp">
        <Filter>Source Files</Filter>
    </ClCompile>
    <ClCompile Include="..\..\NewImageProcess.cpp">
        <Filter>Source Files</Filter>
    </ClCompile>
    <ClCompile Include="..\..\PSF.cpp">
        <Filter>Source Files</Filter>
    </ClCompile>
    <ClCompile Include="..\..\SampleFormatConversionInstance.cpp">
        <Filter>Source Files</Filter>
    </ClCompile>
    <ClCompile Include="..\..\SampleFormatConversionInterface.cpp">
        <Filter>Source Files</Filter>
    </ClCompile>
    <ClCompile Include="..\..\SampleFormatConversionParameters.cpp">
        <Filter>Source Files</Filter>
    </ClCompile>
    <ClCompile Include="..\..\SampleFormatConversionProcess.cpp">
        <Filter>Source Files</Filter>
    </ClCompile>
    <ClCompile Include="..\..\StarDetector.cpp">
        <Filter>Source Files</Filter>
    </ClCompile>
    <ClCompile Include="..\..\StatisticsInterface.cpp">
        <Filter>Source Files</Filter>
    </ClCompile>
    <ClCompile Include="..\..\StatisticsProcess.cpp">
        <Filter>Source Files</Filter>
    </ClCompile>
  </ItemGroup>
  <ItemGroup>
    <ClInclude Include="..\..\CreateAlphaChannelsInstance.h">
        <Filter>Header Files</Filter>
    </ClInclude>
    <ClInclude Include="..\..\CreateAlphaChannelsInterface.h">
        <Filter>Header Files</Filter>
    </ClInclude>
    <ClInclude Include="..\..\CreateAlphaChannelsParameters.h">
        <Filter>Header Files</Filter>
    </ClInclude>
    <ClInclude Include="..\..\CreateAlphaChannelsProcess.h">
        <Filter>Header Files</Filter>
    </ClInclude>
    <ClInclude Include="..\..\DynamicPSFInstance.h">
        <Filter>Header Files</Filter>
    </ClInclude>
    <ClInclude Include="..\..\DynamicPSFInterface.h">
        <Filter>Header Files</Filter>
    </ClInclude>
    <ClInclude Include="..\..\DynamicPSFParameters.h">
        <Filter>Header Files</Filter>
    </ClInclude>
    <ClInclude Include="..\..\DynamicPSFProcess.h">
        <Filter>Header Files</Filter>
    </ClInclude>
    <ClInclude Include="..\..\ExtractAlphaChannelsInstance.h">
        <Filter>Header Files</Filter>
    </ClInclude>
    <ClInclude Include="..\..\ExtractAlphaChannelsInterface.h">
        <Filter>Header Files</Filter>
    </ClInclude>
    <ClInclude Include="..\..\ExtractAlphaChannelsParameters.h">
        <Filter>Header Files</Filter>
    </ClInclude>
    <ClInclude Include="..\..\ExtractAlphaChannelsProcess.h">
        <Filter>Header Files</Filter>
    </ClInclude>
    <ClInclude Include="..\..\FITSHeaderAction.h">
        <Filter>Header Files</Filter>
    </ClInclude>
    <ClInclude Include="..\..\FITSHeaderInstance.h">
        <Filter>Header Files</Filter>
    </ClInclude>
    <ClInclude Include="..\..\FITSHeaderInterface.h">
        <Filter>Header Files</Filter>
    </ClInclude>
    <ClInclude Include="..\..\FITSHeaderParameters.h">
        <Filter>Header Files</Filter>
    </ClInclude>
    <ClInclude Include="..\..\FITSHeaderProcess.h">
        <Filter>Header Files</Filter>
    </ClInclude>
    <ClInclude Include="..\..\ImageIdentifierInstance.h">
        <Filter>Header Files</Filter>
    </ClInclude>
    <ClInclude Include="..\..\ImageIdentifierInterface.h">
        <Filter>Header Files</Filter>
    </ClInclude>
    <ClInclude Include="..\..\ImageIdentifierParameters.h">
        <Filter>Header Files</Filter>
    </ClInclude>
    <ClInclude Include="..\..\ImageIdentifierProcess.h">
        <Filter>Header Files</Filter>
    </ClInclude>
    <ClInclude Include="..\..\ImageModule.h">
        <Filter>Header Files</Filter>
    </ClInclude>
    <ClInclude Include="..\..\NewImageAction.h">
        <Filter>Header Files</Filter>
    </ClInclude>
    <ClInclude Include="..\..\NewImageInstance.h">
        <Filter>Header Files</Filter>
    </ClInclude>
    <ClInclude Include="..\..\NewImageInterface.h">
        <Filter>Header Files</Filter>
    </ClInclude>
    <ClInclude Include="..\..\NewImageParameters.h">
        <Filter>Header Files</Filter>
    </ClInclude>
    <ClInclude Include="..\..\NewImageProcess.h">
        <Filter>Header Files</Filter>
    </ClInclude>
    <ClInclude Include="..\..\PSF.h">
        <Filter>Header Files</Filter>
    </ClInclude>
    <ClInclude Include="..\..\SampleFormatConversionInstance.h">
        <Filter>Header Files</Filter>
    </ClInclude>
    <ClInclude Include="..\..\SampleFormatConversionInterface.h">
        <Filter>Header Files</Filter>
    </ClInclude>
    <ClInclude Include="..\..\SampleFormatConversionParameters.h">
        <Filter>Header Files</Filter>
    </ClInclude>
    <ClInclude Include="..\..\SampleFormatConversionProcess.h">
        <Filter>Header Files</Filter>
    </ClInclude>
    <ClInclude Include="..\..\StarDetector.h">
        <Filter>Header Files</Filter>
    </ClInclude>
    <ClInclude Include="..\..\StatisticsInterface.h">
        <Filter>Header Files</Filter>
    </ClInclude>
    <ClInclude Include="..\..\StatisticsProcess.h">
        <Filter>Header Files</Filter>
    </ClInclude>
    <ClInclude Include="..\..\cminpack.h">
        <Filter>Header Files</Filter>
    </ClInclude>
  </ItemGroup>
  <ItemGroup>
    <None Include="..\..\CreateAlphaChannelsIcon.png">
        <Filter>Image Files</Filter>
    </None>
    <None Include="..\..\DynamicPSFIcon.png">
        <Filter>Image Files</Filter>
    </None>
    <None Include="..\..\ExtractAlphaChannelsIcon.png">
        <Filter>Image Files</Filter>
    </None>
    <None Include="..\..\FITSHeaderIcon.png">
        <Filter>Image Files</Filter>
    </None>
    <None Include="..\..\ImageIdentifierIcon.png">
        <Filter>Image Files</Filter>
    </None>
    <None Include="..\..\NewImageIcon.png">
        <Filter>Image Files</Filter>
    </None>
    <None Include="..\..\SampleFormatConversionIcon.png">
        <Filter>Image Files</Filter>
    </None>
    <None Include="..\..\StatisticsIcon.png">
        <Filter>Image Files</Filter>
    </None>
    <None Include="..\..\__private\DfDA.png">
        <Filter>Image Files</Filter>
    </None>
    <None Include="..\..\__private\DfDk.png">
        <Filter>Image Files</Filter>
    </None>
    <None Include="..\..\__private\DfDs.png">
        <Filter>Image Files</Filter>
    </None>
    <None Include="..\..\__private\DfDx0.png">
        <Filter>Image Files</Filter>
    </None>
    <None Include="..\..\__private\DfDy0.png">
        <Filter>Image Files</Filter>
    </None>
    <None Include="..\..\__private\DynamicPSFIcon.svg">
        <Filter>Image Files</Filter>
    </None>
    <None Include="..\..\__private\FITSHeaderIcon.svg">
        <Filter>Image Files</Filter>
    </None>
    <None Include="..\..\icons\delete.png">
        <Filter>Image Files</Filter>
    </None>
    <None Include="..\..\icons\first.png">
        <Filter>Image Files</Filter>
    </None>
    <None Include="..\..\icons\goto.png">
        <Filter>Image Files</Filter>
    </None>
    <None Include="..\..\icons\last.png">
        <Filter>Image Files</Filter>
    </None>
    <None Include="..\..\icons\next.png">
        <Filter>Image Files</Filter>
    </None>
    <None Include="..\..\icons\prev.png">
        <Filter>Image Files</Filter>
    </None>
    <None Include="..\..\icons\reset.png">
        <Filter>Image Files</Filter>
    </None>
    <None Include="..\..\icons\track.png">
        <Filter>Image Files</Filter>
    </None>
  </ItemGroup>
</Project>
