<?xml version="1.0" encoding="utf-8"?>
<!--
######################################################################
# PixInsight Makefile Generator Script v1.107
# Copyright (C) 2009-2018 Pleiades Astrophoto
######################################################################
# Generated on .... 2018-12-12T13:32:16.878Z
# Project id ...... FITS
# Project type .... Module
# Platform ........ Windows/vc15
# ++++++++++++++++++++++++++++++++++++++++++++++++++++++++++++++++++++
# Additional preprocessor definitions:
# _CRT_SECURE_NO_WARNINGS
# ++++++++++++++++++++++++++++++++++++++++++++++++++++++++++++++++++++
# Additional libraries:
# cfitsio-pxi
######################################################################
-->
<Project DefaultTargets="Build" ToolsVersion="4.0" xmlns="http://schemas.microsoft.com/developer/msbuild/2003">
  <ItemGroup>
    <Filter Include="Source Files">
      <UniqueIdentifier>6923ac87-9c71-41d1-be0b-07f946a47642</UniqueIdentifier>
    </Filter>
    <Filter Include="Header Files">
      <UniqueIdentifier>8760da68-6c49-41c0-a7f4-60488b1a9595</UniqueIdentifier>
    </Filter>
  </ItemGroup>
  <ItemGroup>
    <ClCompile Include="..\..\FITS.cpp">
        <Filter>Source Files</Filter>
    </ClCompile>
    <ClCompile Include="..\..\FITSFormat.cpp">
        <Filter>Source Files</Filter>
    </ClCompile>
    <ClCompile Include="..\..\FITSInstance.cpp">
        <Filter>Source Files</Filter>
    </ClCompile>
    <ClCompile Include="..\..\FITSModule.cpp">
        <Filter>Source Files</Filter>
    </ClCompile>
    <ClCompile Include="..\..\FITSOptionsDialog.cpp">
        <Filter>Source Files</Filter>
    </ClCompile>
    <ClCompile Include="..\..\FITSPreferencesDialog.cpp">
        <Filter>Source Files</Filter>
    </ClCompile>
    <ClCompile Include="..\..\FITSRangeOptionsDialog.cpp">
        <Filter>Source Files</Filter>
    </ClCompile>
  </ItemGroup>
  <ItemGroup>
    <ClInclude Include="..\..\FITS.h">
        <Filter>Header Files</Filter>
    </ClInclude>
    <ClInclude Include="..\..\FITSFormat.h">
        <Filter>Header Files</Filter>
    </ClInclude>
    <ClInclude Include="..\..\FITSInstance.h">
        <Filter>Header Files</Filter>
    </ClInclude>
    <ClInclude Include="..\..\FITSModule.h">
        <Filter>Header Files</Filter>
    </ClInclude>
    <ClInclude Include="..\..\FITSOptionsDialog.h">
        <Filter>Header Files</Filter>
    </ClInclude>
    <ClInclude Include="..\..\FITSPreferencesDialog.h">
        <Filter>Header Files</Filter>
    </ClInclude>
    <ClInclude Include="..\..\FITSRangeOptionsDialog.h">
        <Filter>Header Files</Filter>
    </ClInclude>
  </ItemGroup>
</Project>
