<?xml version="1.0" encoding="utf-8"?>
<!--
######################################################################
# PixInsight Makefile Generator Script v1.109
# Copyright (C) 2009-2019 Pleiades Astrophoto
######################################################################
# Generated on .... 2019-01-21T12:08:43.133Z
# Project id ...... StarGenerator
# Project type .... Module
# Platform ........ Windows/vc15
# ++++++++++++++++++++++++++++++++++++++++++++++++++++++++++++++++++++
# Additional preprocessor definitions:
# _CRT_SECURE_NO_WARNINGS
######################################################################
-->
<Project DefaultTargets="Build" ToolsVersion="4.0" xmlns="http://schemas.microsoft.com/developer/msbuild/2003">
  <ItemGroup>
    <Filter Include="Source Files">
      <UniqueIdentifier>94589562-caf3-40ce-b044-4a9ade1d86d7</UniqueIdentifier>
    </Filter>
    <Filter Include="Header Files">
      <UniqueIdentifier>3fa2c15a-0b79-46f3-b1f4-d031a0f90f53</UniqueIdentifier>
    </Filter>
    <Filter Include="Image Files">
      <UniqueIdentifier>03ad2c73-6232-45a9-8c2a-aa3df4012254</UniqueIdentifier>
    </Filter>
  </ItemGroup>
  <ItemGroup>
    <ClCompile Include="..\..\Projection.cpp">
        <Filter>Source Files</Filter>
    </ClCompile>
    <ClCompile Include="..\..\StarGeneratorInstance.cpp">
        <Filter>Source Files</Filter>
    </ClCompile>
    <ClCompile Include="..\..\StarGeneratorInterface.cpp">
        <Filter>Source Files</Filter>
    </ClCompile>
    <ClCompile Include="..\..\StarGeneratorModule.cpp">
        <Filter>Source Files</Filter>
    </ClCompile>
    <ClCompile Include="..\..\StarGeneratorParameters.cpp">
        <Filter>Source Files</Filter>
    </ClCompile>
    <ClCompile Include="..\..\StarGeneratorProcess.cpp">
        <Filter>Source Files</Filter>
    </ClCompile>
  </ItemGroup>
  <ItemGroup>
    <ClInclude Include="..\..\GnomonicProjection.h">
        <Filter>Header Files</Filter>
    </ClInclude>
    <ClInclude Include="..\..\LambertConformalConicProjection.h">
        <Filter>Header Files</Filter>
    </ClInclude>
    <ClInclude Include="..\..\MercatorCylindricalProjection.h">
        <Filter>Header Files</Filter>
    </ClInclude>
    <ClInclude Include="..\..\Projection.h">
        <Filter>Header Files</Filter>
    </ClInclude>
    <ClInclude Include="..\..\ProjectionSystem.h">
        <Filter>Header Files</Filter>
    </ClInclude>
    <ClInclude Include="..\..\StarDatabase.h">
        <Filter>Header Files</Filter>
    </ClInclude>
    <ClInclude Include="..\..\StarGeneratorInstance.h">
        <Filter>Header Files</Filter>
    </ClInclude>
    <ClInclude Include="..\..\StarGeneratorInterface.h">
        <Filter>Header Files</Filter>
    </ClInclude>
    <ClInclude Include="..\..\StarGeneratorModule.h">
        <Filter>Header Files</Filter>
    </ClInclude>
    <ClInclude Include="..\..\StarGeneratorParameters.h">
        <Filter>Header Files</Filter>
    </ClInclude>
    <ClInclude Include="..\..\StarGeneratorProcess.h">
        <Filter>Header Files</Filter>
    </ClInclude>
    <ClInclude Include="..\..\StereographicProjection.h">
        <Filter>Header Files</Filter>
    </ClInclude>
  </ItemGroup>
  <ItemGroup>
    <None Include="..\..\StarGeneratorIcon.png">
        <Filter>Image Files</Filter>
    </None>
  </ItemGroup>
</Project>
