<?xml version="1.0" encoding="utf-8"?>
<!--
######################################################################
# PixInsight Makefile Generator Script v1.107
# Copyright (C) 2009-2018 Pleiades Astrophoto
######################################################################
# Generated on .... 2018-11-01T11:09:06.126Z
# Project id ...... INDIClient
# Project type .... Module
# Platform ........ Windows/vc15
# ++++++++++++++++++++++++++++++++++++++++++++++++++++++++++++++++++++
# Additional preprocessor definitions:
# _CRT_SECURE_NO_WARNINGS
######################################################################
-->
<Project DefaultTargets="Build" ToolsVersion="4.0" xmlns="http://schemas.microsoft.com/developer/msbuild/2003">
  <ItemGroup>
    <Filter Include="Source Files">
      <UniqueIdentifier>c2ce1b1c-cb6c-4129-a9f1-4ab1ac4fd028</UniqueIdentifier>
    </Filter>
    <Filter Include="Header Files">
      <UniqueIdentifier>09cea391-0ce9-4ec4-8db6-38e886808b54</UniqueIdentifier>
    </Filter>
  </ItemGroup>
  <ItemGroup>
    <ClCompile Include="..\..\Alignment.cpp">
        <Filter>Source Files</Filter>
    </ClCompile>
    <ClCompile Include="..\..\ApparentPosition.cpp">
        <Filter>Source Files</Filter>
    </ClCompile>
    <ClCompile Include="..\..\IINDIProperty.cpp">
        <Filter>Source Files</Filter>
    </ClCompile>
    <ClCompile Include="..\..\INDI\base64.c">
        <Filter>Source Files</Filter>
    </ClCompile>
    <ClCompile Include="..\..\INDI\baseclient.cpp">
        <Filter>Source Files</Filter>
    </ClCompile>
    <ClCompile Include="..\..\INDI\basedevice.cpp">
        <Filter>Source Files</Filter>
    </ClCompile>
    <ClCompile Include="..\..\INDI\indicom.c">
        <Filter>Source Files</Filter>
    </ClCompile>
    <ClCompile Include="..\..\INDI\indiproperty.cpp">
        <Filter>Source Files</Filter>
    </ClCompile>
    <ClCompile Include="..\..\INDI\indistandardproperty.cpp">
        <Filter>Source Files</Filter>
    </ClCompile>
    <ClCompile Include="..\..\INDI\lilxml.c">
        <Filter>Source Files</Filter>
    </ClCompile>
    <ClCompile Include="..\..\INDICCDFrameInstance.cpp">
        <Filter>Source Files</Filter>
    </ClCompile>
    <ClCompile Include="..\..\INDICCDFrameInterface.cpp">
        <Filter>Source Files</Filter>
    </ClCompile>
    <ClCompile Include="..\..\INDICCDFrameParameters.cpp">
        <Filter>Source Files</Filter>
    </ClCompile>
    <ClCompile Include="..\..\INDICCDFrameProcess.cpp">
        <Filter>Source Files</Filter>
    </ClCompile>
    <ClCompile Include="..\..\INDIClient.cpp">
        <Filter>Source Files</Filter>
    </ClCompile>
    <ClCompile Include="..\..\INDIClientModule.cpp">
        <Filter>Source Files</Filter>
    </ClCompile>
    <ClCompile Include="..\..\INDIDeviceControllerInstance.cpp">
        <Filter>Source Files</Filter>
    </ClCompile>
    <ClCompile Include="..\..\INDIDeviceControllerInterface.cpp">
        <Filter>Source Files</Filter>
    </ClCompile>
    <ClCompile Include="..\..\INDIDeviceControllerParameters.cpp">
        <Filter>Source Files</Filter>
    </ClCompile>
    <ClCompile Include="..\..\INDIDeviceControllerProcess.cpp">
        <Filter>Source Files</Filter>
    </ClCompile>
    <ClCompile Include="..\..\INDIMountInstance.cpp">
        <Filter>Source Files</Filter>
    </ClCompile>
    <ClCompile Include="..\..\INDIMountInterface.cpp">
        <Filter>Source Files</Filter>
    </ClCompile>
    <ClCompile Include="..\..\INDIMountParameters.cpp">
        <Filter>Source Files</Filter>
    </ClCompile>
    <ClCompile Include="..\..\INDIMountProcess.cpp">
        <Filter>Source Files</Filter>
    </ClCompile>
  </ItemGroup>
  <ItemGroup>
    <ClInclude Include="..\..\Alignment.h">
        <Filter>Header Files</Filter>
    </ClInclude>
    <ClInclude Include="..\..\ApparentPosition.h">
        <Filter>Header Files</Filter>
    </ClInclude>
    <ClInclude Include="..\..\DeviceConfigBase.h">
        <Filter>Header Files</Filter>
    </ClInclude>
    <ClInclude Include="..\..\IINDIProperty.h">
        <Filter>Header Files</Filter>
    </ClInclude>
    <ClInclude Include="..\..\INDI\BaseClient.h">
        <Filter>Header Files</Filter>
    </ClInclude>
    <ClInclude Include="..\..\INDI\ClientListener.h">
        <Filter>Header Files</Filter>
    </ClInclude>
    <ClInclude Include="..\..\INDI\IClientListener.h">
        <Filter>Header Files</Filter>
    </ClInclude>
    <ClInclude Include="..\..\INDI\PCLClientListener.h">
        <Filter>Header Files</Filter>
    </ClInclude>
    <ClInclude Include="..\..\INDI\base64.h">
        <Filter>Header Files</Filter>
    </ClInclude>
    <ClInclude Include="..\..\INDI\base64_luts.h">
        <Filter>Header Files</Filter>
    </ClInclude>
    <ClInclude Include="..\..\INDI\baseclient.h">
        <Filter>Header Files</Filter>
    </ClInclude>
    <ClInclude Include="..\..\INDI\basedevice.h">
        <Filter>Header Files</Filter>
    </ClInclude>
    <ClInclude Include="..\..\INDI\indiapi.h">
        <Filter>Header Files</Filter>
    </ClInclude>
    <ClInclude Include="..\..\INDI\indibase.h">
        <Filter>Header Files</Filter>
    </ClInclude>
    <ClInclude Include="..\..\INDI\indibasetypes.h">
        <Filter>Header Files</Filter>
    </ClInclude>
    <ClInclude Include="..\..\INDI\indicom.h">
        <Filter>Header Files</Filter>
    </ClInclude>
    <ClInclude Include="..\..\INDI\indidevapi.h">
        <Filter>Header Files</Filter>
    </ClInclude>
    <ClInclude Include="..\..\INDI\indiproperty.h">
        <Filter>Header Files</Filter>
    </ClInclude>
    <ClInclude Include="..\..\INDI\indistandardproperty.h">
        <Filter>Header Files</Filter>
    </ClInclude>
    <ClInclude Include="..\..\INDI\lilxml.h">
        <Filter>Header Files</Filter>
    </ClInclude>
    <ClInclude Include="..\..\INDI\locale_compat.h">
        <Filter>Header Files</Filter>
    </ClInclude>
    <ClInclude Include="..\..\INDICCDFrameInstance.h">
        <Filter>Header Files</Filter>
    </ClInclude>
    <ClInclude Include="..\..\INDICCDFrameInterface.h">
        <Filter>Header Files</Filter>
    </ClInclude>
    <ClInclude Include="..\..\INDICCDFrameParameters.h">
        <Filter>Header Files</Filter>
    </ClInclude>
    <ClInclude Include="..\..\INDICCDFrameProcess.h">
        <Filter>Header Files</Filter>
    </ClInclude>
    <ClInclude Include="..\..\INDIClient.h">
        <Filter>Header Files</Filter>
    </ClInclude>
    <ClInclude Include="..\..\INDIClientModule.h">
        <Filter>Header Files</Filter>
    </ClInclude>
    <ClInclude Include="..\..\INDIDeviceControllerInstance.h">
        <Filter>Header Files</Filter>
    </ClInclude>
    <ClInclude Include="..\..\INDIDeviceControllerInterface.h">
        <Filter>Header Files</Filter>
    </ClInclude>
    <ClInclude Include="..\..\INDIDeviceControllerParameters.h">
        <Filter>Header Files</Filter>
    </ClInclude>
    <ClInclude Include="..\..\INDIDeviceControllerProcess.h">
        <Filter>Header Files</Filter>
    </ClInclude>
    <ClInclude Include="..\..\INDIMountInstance.h">
        <Filter>Header Files</Filter>
    </ClInclude>
    <ClInclude Include="..\..\INDIMountInterface.h">
        <Filter>Header Files</Filter>
    </ClInclude>
    <ClInclude Include="..\..\INDIMountParameters.h">
        <Filter>Header Files</Filter>
    </ClInclude>
    <ClInclude Include="..\..\INDIMountProcess.h">
        <Filter>Header Files</Filter>
    </ClInclude>
    <ClInclude Include="..\..\INDIParamListTypes.h">
        <Filter>Header Files</Filter>
    </ClInclude>
    <ClInclude Include="..\..\ModuleParameterRegistration.h">
        <Filter>Header Files</Filter>
    </ClInclude>
  </ItemGroup>
</Project>
