<?xml version="1.0" encoding="utf-8"?>
<!--
######################################################################
# PixInsight Makefile Generator Script v1.104
# Copyright (C) 2009-2017 Pleiades Astrophoto
######################################################################
# Generated on .... 2017-07-09T17:56:12.469Z
# Project id ...... AssistedColorCalibration
# Project type .... Module
# Platform ........ Windows/vc14
# ++++++++++++++++++++++++++++++++++++++++++++++++++++++++++++++++++++
# Additional preprocessor definitions:
# _CRT_SECURE_NO_WARNINGS
######################################################################
-->
<Project DefaultTargets="Build" ToolsVersion="4.0" xmlns="http://schemas.microsoft.com/developer/msbuild/2003">
  <ItemGroup>
    <Filter Include="Source Files">
      <UniqueIdentifier>5dc7c875-3a7d-479c-b994-eaad0a7b34cb</UniqueIdentifier>
    </Filter>
    <Filter Include="Header Files">
      <UniqueIdentifier>4c7118cd-973c-4b65-b200-5fdcde5455d4</UniqueIdentifier>
    </Filter>
    <Filter Include="Image Files">
      <UniqueIdentifier>6e7fe1c4-b3bf-4ba9-bfd0-3a0f461a0706</UniqueIdentifier>
    </Filter>
  </ItemGroup>
  <ItemGroup>
    <ClCompile Include="..\..\AssistedColorCalibrationInstance.cpp">
        <Filter>Source Files</Filter>
    </ClCompile>
    <ClCompile Include="..\..\AssistedColorCalibrationInterface.cpp">
        <Filter>Source Files</Filter>
    </ClCompile>
    <ClCompile Include="..\..\AssistedColorCalibrationModule.cpp">
        <Filter>Source Files</Filter>
    </ClCompile>
    <ClCompile Include="..\..\AssistedColorCalibrationParameters.cpp">
        <Filter>Source Files</Filter>
    </ClCompile>
    <ClCompile Include="..\..\AssistedColorCalibrationProcess.cpp">
        <Filter>Source Files</Filter>
    </ClCompile>
  </ItemGroup>
  <ItemGroup>
    <ClInclude Include="..\..\AssistedColorCalibrationInstance.h">
        <Filter>Header Files</Filter>
    </ClInclude>
    <ClInclude Include="..\..\AssistedColorCalibrationInterface.h">
        <Filter>Header Files</Filter>
    </ClInclude>
    <ClInclude Include="..\..\AssistedColorCalibrationModule.h">
        <Filter>Header Files</Filter>
    </ClInclude>
    <ClInclude Include="..\..\AssistedColorCalibrationParameters.h">
        <Filter>Header Files</Filter>
    </ClInclude>
    <ClInclude Include="..\..\AssistedColorCalibrationProcess.h">
        <Filter>Header Files</Filter>
    </ClInclude>
  </ItemGroup>
  <ItemGroup>
    <None Include="..\..\AssistedColorCalibrationIcon.png">
        <Filter>Image Files</Filter>
    </None>
  </ItemGroup>
</Project>
